
Microsoft Visual Studio Solution File, Format Version 12.00
# Visual Studio Version 16
VisualStudioVersion = 16.0.29409.12
MinimumVisualStudioVersion = 10.0.40219.1
Project("{FAE04EC0-301F-11D3-BF4B-00C04F79EFBC}") = "Computer Service", "Computer Service\Computer Service.csproj", "{6B8AE8E0-7B9A-47F4-A176-A33B2325B9B4}"
EndProject
Project("{FAE04EC0-301F-11D3-BF4B-00C04F79EFBC}") = "Database", "Database\Database.csproj", "{371F921C-03F0-445C-8FEA-1D7851DB438B}"
EndProject
Project("{FAE04EC0-301F-11D3-BF4B-00C04F79EFBC}") = "Logic", "Logic\Logic.csproj", "{F48A2CAA-E83F-4113-9659-E3753542622D}"
EndProject
Global
	GlobalSection(SolutionConfigurationPlatforms) = preSolution
		Debug|Any CPU = Debug|Any CPU
		Release|Any CPU = Release|Any CPU
	EndGlobalSection
	GlobalSection(ProjectConfigurationPlatforms) = postSolution
		{6B8AE8E0-7B9A-47F4-A176-A33B2325B9B4}.Debug|Any CPU.ActiveCfg = Debug|Any CPU
		{6B8AE8E0-7B9A-47F4-A176-A33B2325B9B4}.Debug|Any CPU.Build.0 = Debug|Any CPU
		{6B8AE8E0-7B9A-47F4-A176-A33B2325B9B4}.Release|Any CPU.ActiveCfg = Release|Any CPU
		{6B8AE8E0-7B9A-47F4-A176-A33B2325B9B4}.Release|Any CPU.Build.0 = Release|Any CPU
		{371F921C-03F0-445C-8FEA-1D7851DB438B}.Debug|Any CPU.ActiveCfg = Debug|Any CPU
		{371F921C-03F0-445C-8FEA-1D7851DB438B}.Debug|Any CPU.Build.0 = Debug|Any CPU
		{371F921C-03F0-445C-8FEA-1D7851DB438B}.Release|Any CPU.ActiveCfg = Release|Any CPU
		{371F921C-03F0-445C-8FEA-1D7851DB438B}.Release|Any CPU.Build.0 = Release|Any CPU
		{F48A2CAA-E83F-4113-9659-E3753542622D}.Debug|Any CPU.ActiveCfg = Debug|Any CPU
		{F48A2CAA-E83F-4113-9659-E3753542622D}.Debug|Any CPU.Build.0 = Debug|Any CPU
		{F48A2CAA-E83F-4113-9659-E3753542622D}.Release|Any CPU.ActiveCfg = Release|Any CPU
		{F48A2CAA-E83F-4113-9659-E3753542622D}.Release|Any CPU.Build.0 = Release|Any CPU
	EndGlobalSection
	GlobalSection(SolutionProperties) = preSolution
		HideSolutionNode = FALSE
	EndGlobalSection
	GlobalSection(ExtensibilityGlobals) = postSolution
		SolutionGuid = {CC8C8B27-7028-4252-8F2D-530BEB245177}
	EndGlobalSection
EndGlobal
